{
  "name": "react-native-alert-view",
  "version": "0.0.1",
  "lockfileVersion": 1,
  "requires": true,
  "dependencies": {
    "react-native-animated-overlay": {
      "version": "0.0.10",
      "resolved": "https://registry.npm.taobao.org/react-native-animated-overlay/download/react-native-animated-overlay-0.0.10.tgz",
      "integrity": "sha1-fdSnYVYFlwtwV8fMq+RcK4PTbaY="
    },
    "react-native-root-siblings": {
      "version": "4.1.0",
      "resolved": "https://registry.npm.taobao.org/react-native-root-siblings/download/react-native-root-siblings-4.1.0.tgz",
      "integrity": "sha1-IzBaD5br0nz/NmfRy5gGhNo15dE="
    }
  }
}
